
Microsoft Visual Studio Solution File, Format Version 11.00
# Visual Studio 2010
Project("{FAE04EC0-301F-11D3-BF4B-00C04F79EFBC}") = "Unity.2D.PixelPerfect.Tests", "Unity.2D.PixelPerfect.Tests.csproj", "{3D902E6D-0AE9-CDDD-7709-E8A394028E3A}"
EndProject
Project("{FAE04EC0-301F-11D3-BF4B-00C04F79EFBC}") = "UnityEngine.TestRunner", "UnityEngine.TestRunner.csproj", "{5EE0A949-5107-0FA2-99A5-CA4672418F09}"
EndProject
Project("{FAE04EC0-301F-11D3-BF4B-00C04F79EFBC}") = "Unity.Mathematics", "Unity.Mathematics.csproj", "{A905C2F8-1BA1-E4C1-9FF9-A85CAD562B94}"
EndProject
Project("{FAE04EC0-301F-11D3-BF4B-00C04F79EFBC}") = "Unity.2D.Animation.Triangle.Runtime", "Unity.2D.Animation.Triangle.Runtime.csproj", "{650DA965-3697-7860-D8C9-7414B0733276}"
EndProject
Project("{FAE04EC0-301F-11D3-BF4B-00C04F79EFBC}") = "UnityEngine.UI.Tests", "UnityEngine.UI.Tests.csproj", "{239D1F55-959C-A0A4-8CDE-AE3BCF8E3307}"
EndProject
Project("{FAE04EC0-301F-11D3-BF4B-00C04F79EFBC}") = "Unity.Timeline", "Unity.Timeline.csproj", "{F2700065-7351-0110-F9E6-18A2B317963D}"
EndProject
Project("{FAE04EC0-301F-11D3-BF4B-00C04F79EFBC}") = "UnityEngine.UI", "UnityEngine.UI.csproj", "{2982FCA0-61B7-9CA6-2594-E8E4F763F6EB}"
EndProject
Project("{FAE04EC0-301F-11D3-BF4B-00C04F79EFBC}") = "Unity.TextMeshPro", "Unity.TextMeshPro.csproj", "{02D2ACD0-5043-9BAB-01D5-B03496988EAE}"
EndProject
Project("{FAE04EC0-301F-11D3-BF4B-00C04F79EFBC}") = "Unity.2D.Animation.Runtime", "Unity.2D.Animation.Runtime.csproj", "{B046872A-0176-E8A9-5006-D3568F325D49}"
EndProject
Project("{FAE04EC0-301F-11D3-BF4B-00C04F79EFBC}") = "Unity.2D.IK.Runtime", "Unity.2D.IK.Runtime.csproj", "{D531D306-BCF2-C551-FA66-6CB9E1024EFB}"
EndProject
Project("{FAE04EC0-301F-11D3-BF4B-00C04F79EFBC}") = "Unity.2D.SpriteShape.Runtime", "Unity.2D.SpriteShape.Runtime.csproj", "{B695B4B5-5189-7B73-7474-188048ADA8EB}"
EndProject
Project("{FAE04EC0-301F-11D3-BF4B-00C04F79EFBC}") = "Assembly-CSharp", "Assembly-CSharp.csproj", "{4E103B83-DC97-2A40-C5BE-0680FD31E162}"
EndProject
Project("{FAE04EC0-301F-11D3-BF4B-00C04F79EFBC}") = "Unity.2D.PixelPerfect", "Unity.2D.PixelPerfect.csproj", "{E7A985A0-F69B-9A6A-C2B3-8A1840A879E3}"
EndProject
Project("{FAE04EC0-301F-11D3-BF4B-00C04F79EFBC}") = "Unity.2D.Common.Runtime", "Unity.2D.Common.Runtime.csproj", "{E358A7AE-CC46-AD06-38EF-D1FBAEC20A8F}"
EndProject
Project("{FAE04EC0-301F-11D3-BF4B-00C04F79EFBC}") = "Unity.TextMeshPro.Tests", "Unity.TextMeshPro.Tests.csproj", "{09AB53A9-116E-A93B-4071-FA36F72E0799}"
EndProject
Project("{FAE04EC0-301F-11D3-BF4B-00C04F79EFBC}") = "Unity.InternalAPIEngineBridge.001", "Unity.InternalAPIEngineBridge.001.csproj", "{3768AE1D-E979-1EDF-DB14-D468A6C73D35}"
EndProject
Project("{FAE04EC0-301F-11D3-BF4B-00C04F79EFBC}") = "UnityEditor.TestRunner", "UnityEditor.TestRunner.csproj", "{D765BFD4-99FB-55D3-E711-93AAA094D471}"
EndProject
Project("{FAE04EC0-301F-11D3-BF4B-00C04F79EFBC}") = "Unity.PlasticSCM.Editor", "Unity.PlasticSCM.Editor.csproj", "{28666DA9-AACB-4FF6-EDEA-794DBC1AF16D}"
EndProject
Project("{FAE04EC0-301F-11D3-BF4B-00C04F79EFBC}") = "UnityEditor.UI", "UnityEditor.UI.csproj", "{4458DAAC-FF23-3EB5-ABF5-029799355954}"
EndProject
Project("{FAE04EC0-301F-11D3-BF4B-00C04F79EFBC}") = "Unity.Timeline.Editor", "Unity.Timeline.Editor.csproj", "{8BB9BBA8-2BF3-6EFE-09EA-9D55A3939916}"
EndProject
Project("{FAE04EC0-301F-11D3-BF4B-00C04F79EFBC}") = "Unity.VisualStudio.Editor", "Unity.VisualStudio.Editor.csproj", "{7CDA75BB-6D8A-5251-FE18-59F147E8EFC8}"
EndProject
Project("{FAE04EC0-301F-11D3-BF4B-00C04F79EFBC}") = "Unity.2D.Psdimporter.Editor", "Unity.2D.Psdimporter.Editor.csproj", "{33E9AE20-91A1-5D3A-0959-60ADC4778430}"
EndProject
Project("{FAE04EC0-301F-11D3-BF4B-00C04F79EFBC}") = "Unity.2D.Animation.Editor", "Unity.2D.Animation.Editor.csproj", "{78213069-9FFE-86F1-7436-621D43ECA9D8}"
EndProject
Project("{FAE04EC0-301F-11D3-BF4B-00C04F79EFBC}") = "Unity.TextMeshPro.Editor", "Unity.TextMeshPro.Editor.csproj", "{D4BFD822-5D22-B6E1-1399-DCAD32581607}"
EndProject
Project("{FAE04EC0-301F-11D3-BF4B-00C04F79EFBC}") = "Unity.2D.SpriteShape.Editor", "Unity.2D.SpriteShape.Editor.csproj", "{F14BB5BE-4668-B03C-442E-46AD59EACB86}"
EndProject
Project("{FAE04EC0-301F-11D3-BF4B-00C04F79EFBC}") = "Unity.CollabProxy.Editor", "Unity.CollabProxy.Editor.csproj", "{90E9FB7B-97E6-5A96-EF09-C90D45174AAD}"
EndProject
Project("{FAE04EC0-301F-11D3-BF4B-00C04F79EFBC}") = "PsdPlugin", "PsdPlugin.csproj", "{BC5D8DA0-1A5D-ADE1-A0A6-C0F86603661F}"
EndProject
Project("{FAE04EC0-301F-11D3-BF4B-00C04F79EFBC}") = "DocCodeExamples", "DocCodeExamples.csproj", "{8E60AD62-C609-6B0B-3FDA-E74EA3E11722}"
EndProject
Project("{FAE04EC0-301F-11D3-BF4B-00C04F79EFBC}") = "Unity.2D.Path.Editor", "Unity.2D.Path.Editor.csproj", "{F664FF11-D38A-DC8C-AE5E-BBEDAD190D8E}"
EndProject
Project("{FAE04EC0-301F-11D3-BF4B-00C04F79EFBC}") = "Unity.Mathematics.Tests", "Unity.Mathematics.Tests.csproj", "{0279F527-AAA3-12DB-5454-29185340B6DA}"
EndProject
Project("{FAE04EC0-301F-11D3-BF4B-00C04F79EFBC}") = "Unity.PlasticSCM.EditorTests", "Unity.PlasticSCM.EditorTests.csproj", "{011CB59B-D3B0-6479-924D-E257813F4114}"
EndProject
Project("{FAE04EC0-301F-11D3-BF4B-00C04F79EFBC}") = "Unity.Rider.Editor", "Unity.Rider.Editor.csproj", "{8DF306B5-3AF4-2986-0FA0-9E2DBF9A2DA5}"
EndProject
Project("{FAE04EC0-301F-11D3-BF4B-00C04F79EFBC}") = "UnityEditor.UI.EditorTests", "UnityEditor.UI.EditorTests.csproj", "{B3DBCF72-EB9E-4317-E48C-97F26E8D49D3}"
EndProject
Project("{FAE04EC0-301F-11D3-BF4B-00C04F79EFBC}") = "Unity.CollabProxy.EditorTests", "Unity.CollabProxy.EditorTests.csproj", "{5E789ECD-2571-6899-8938-516F447DF19D}"
EndProject
Project("{FAE04EC0-301F-11D3-BF4B-00C04F79EFBC}") = "Unity.2D.IK.Editor", "Unity.2D.IK.Editor.csproj", "{CD2213C8-ED86-4EB4-0266-3323F30F7395}"
EndProject
Project("{FAE04EC0-301F-11D3-BF4B-00C04F79EFBC}") = "Unity.2D.SpriteShape.EditorTests", "Unity.2D.SpriteShape.EditorTests.csproj", "{D0ADCC90-CCDC-3F69-5747-0690C8616744}"
EndProject
Project("{FAE04EC0-301F-11D3-BF4B-00C04F79EFBC}") = "Unity.2D.Sprite.Editor", "Unity.2D.Sprite.Editor.csproj", "{9C470F50-9868-718A-52BC-084FE0A24FC3}"
EndProject
Project("{FAE04EC0-301F-11D3-BF4B-00C04F79EFBC}") = "Unity.2D.Tilemap.Editor", "Unity.2D.Tilemap.Editor.csproj", "{8997171B-3BB3-366E-6170-032B48A70995}"
EndProject
Project("{FAE04EC0-301F-11D3-BF4B-00C04F79EFBC}") = "Unity.2D.PixelPerfect.Editor", "Unity.2D.PixelPerfect.Editor.csproj", "{93A2DF3D-C169-5F62-F15D-CB6B826D634E}"
EndProject
Project("{FAE04EC0-301F-11D3-BF4B-00C04F79EFBC}") = "Unity.VSCode.Editor", "Unity.VSCode.Editor.csproj", "{C6978B28-922A-4C6E-D2EA-EA466B200969}"
EndProject
Project("{FAE04EC0-301F-11D3-BF4B-00C04F79EFBC}") = "Unity.2D.Common.Editor", "Unity.2D.Common.Editor.csproj", "{2323AE53-CE7A-A808-31D3-1D6FF0398214}"
EndProject
Project("{FAE04EC0-301F-11D3-BF4B-00C04F79EFBC}") = "Unity.Mathematics.Editor", "Unity.Mathematics.Editor.csproj", "{A924412B-32BE-9958-FC70-D986ADFF47F1}"
EndProject
Project("{FAE04EC0-301F-11D3-BF4B-00C04F79EFBC}") = "Unity.2D.PixelPerfect.Editor.Tests", "Unity.2D.PixelPerfect.Editor.Tests.csproj", "{B7B9A58D-8C1F-5B94-D944-90A215ED9171}"
EndProject
Project("{FAE04EC0-301F-11D3-BF4B-00C04F79EFBC}") = "Unity.2D.Common.EditorTests", "Unity.2D.Common.EditorTests.csproj", "{BBFDAF84-AC42-C755-055D-B96EEAD62D21}"
EndProject
Project("{FAE04EC0-301F-11D3-BF4B-00C04F79EFBC}") = "Unity.2D.Path.Tests", "Unity.2D.Path.Tests.csproj", "{5181762D-55AE-CEBA-F1F5-B1C83E66E9CD}"
EndProject
Project("{FAE04EC0-301F-11D3-BF4B-00C04F79EFBC}") = "Unity.InternalAPIEditorBridge.001", "Unity.InternalAPIEditorBridge.001.csproj", "{4E01643C-A290-0B46-89B0-A2A7A97448AF}"
EndProject
Project("{FAE04EC0-301F-11D3-BF4B-00C04F79EFBC}") = "Unity.2D.Tilemap.Package.EditorTests", "Unity.2D.Tilemap.Package.EditorTests.csproj", "{B2A431CA-815C-F5FB-ADAB-FB70AD32C339}"
EndProject
Project("{FAE04EC0-301F-11D3-BF4B-00C04F79EFBC}") = "Unity.2D.Psdimporter.EditorTests", "Unity.2D.Psdimporter.EditorTests.csproj", "{A1AE45F0-A644-712A-BF86-4C95C111CDEE}"
EndProject
Project("{FAE04EC0-301F-11D3-BF4B-00C04F79EFBC}") = "Unity.2D.Sprite.Package.EditorTests", "Unity.2D.Sprite.Package.EditorTests.csproj", "{E64C57CC-F047-DFE0-99DD-40E0D0F68E9D}"
EndProject
Project("{FAE04EC0-301F-11D3-BF4B-00C04F79EFBC}") = "Unity.TextMeshPro.Editor.Tests", "Unity.TextMeshPro.Editor.Tests.csproj", "{F66BE8F8-1FAE-A862-01CA-55234D22379B}"
EndProject
Project("{FAE04EC0-301F-11D3-BF4B-00C04F79EFBC}") = "Unity.2D.Animation.EditorTests", "Unity.2D.Animation.EditorTests.csproj", "{76D354AE-F729-4163-6EFA-92E8DD58F7B8}"
EndProject
Global
	GlobalSection(SolutionConfigurationPlatforms) = preSolution
		Debug|Any CPU = Debug|Any CPU
		Release|Any CPU = Release|Any CPU
	EndGlobalSection
	GlobalSection(ProjectConfigurationPlatforms) = postSolution
		{3D902E6D-0AE9-CDDD-7709-E8A394028E3A}.Debug|Any CPU.ActiveCfg = Debug|Any CPU
		{3D902E6D-0AE9-CDDD-7709-E8A394028E3A}.Debug|Any CPU.Build.0 = Debug|Any CPU
		{3D902E6D-0AE9-CDDD-7709-E8A394028E3A}.Release|Any CPU.ActiveCfg = Release|Any CPU
		{3D902E6D-0AE9-CDDD-7709-E8A394028E3A}.Release|Any CPU.Build.0 = Release|Any CPU
		{5EE0A949-5107-0FA2-99A5-CA4672418F09}.Debug|Any CPU.ActiveCfg = Debug|Any CPU
		{5EE0A949-5107-0FA2-99A5-CA4672418F09}.Debug|Any CPU.Build.0 = Debug|Any CPU
		{5EE0A949-5107-0FA2-99A5-CA4672418F09}.Release|Any CPU.ActiveCfg = Release|Any CPU
		{5EE0A949-5107-0FA2-99A5-CA4672418F09}.Release|Any CPU.Build.0 = Release|Any CPU
		{A905C2F8-1BA1-E4C1-9FF9-A85CAD562B94}.Debug|Any CPU.ActiveCfg = Debug|Any CPU
		{A905C2F8-1BA1-E4C1-9FF9-A85CAD562B94}.Debug|Any CPU.Build.0 = Debug|Any CPU
		{A905C2F8-1BA1-E4C1-9FF9-A85CAD562B94}.Release|Any CPU.ActiveCfg = Release|Any CPU
		{A905C2F8-1BA1-E4C1-9FF9-A85CAD562B94}.Release|Any CPU.Build.0 = Release|Any CPU
		{650DA965-3697-7860-D8C9-7414B0733276}.Debug|Any CPU.ActiveCfg = Debug|Any CPU
		{650DA965-3697-7860-D8C9-7414B0733276}.Debug|Any CPU.Build.0 = Debug|Any CPU
		{650DA965-3697-7860-D8C9-7414B0733276}.Release|Any CPU.ActiveCfg = Release|Any CPU
		{650DA965-3697-7860-D8C9-7414B0733276}.Release|Any CPU.Build.0 = Release|Any CPU
		{239D1F55-959C-A0A4-8CDE-AE3BCF8E3307}.Debug|Any CPU.ActiveCfg = Debug|Any CPU
		{239D1F55-959C-A0A4-8CDE-AE3BCF8E3307}.Debug|Any CPU.Build.0 = Debug|Any CPU
		{239D1F55-959C-A0A4-8CDE-AE3BCF8E3307}.Release|Any CPU.ActiveCfg = Release|Any CPU
		{239D1F55-959C-A0A4-8CDE-AE3BCF8E3307}.Release|Any CPU.Build.0 = Release|Any CPU
		{F2700065-7351-0110-F9E6-18A2B317963D}.Debug|Any CPU.ActiveCfg = Debug|Any CPU
		{F2700065-7351-0110-F9E6-18A2B317963D}.Debug|Any CPU.Build.0 = Debug|Any CPU
		{F2700065-7351-0110-F9E6-18A2B317963D}.Release|Any CPU.ActiveCfg = Release|Any CPU
		{F2700065-7351-0110-F9E6-18A2B317963D}.Release|Any CPU.Build.0 = Release|Any CPU
		{2982FCA0-61B7-9CA6-2594-E8E4F763F6EB}.Debug|Any CPU.ActiveCfg = Debug|Any CPU
		{2982FCA0-61B7-9CA6-2594-E8E4F763F6EB}.Debug|Any CPU.Build.0 = Debug|Any CPU
		{2982FCA0-61B7-9CA6-2594-E8E4F763F6EB}.Release|Any CPU.ActiveCfg = Release|Any CPU
		{2982FCA0-61B7-9CA6-2594-E8E4F763F6EB}.Release|Any CPU.Build.0 = Release|Any CPU
		{02D2ACD0-5043-9BAB-01D5-B03496988EAE}.Debug|Any CPU.ActiveCfg = Debug|Any CPU
		{02D2ACD0-5043-9BAB-01D5-B03496988EAE}.Debug|Any CPU.Build.0 = Debug|Any CPU
		{02D2ACD0-5043-9BAB-01D5-B03496988EAE}.Release|Any CPU.ActiveCfg = Release|Any CPU
		{02D2ACD0-5043-9BAB-01D5-B03496988EAE}.Release|Any CPU.Build.0 = Release|Any CPU
		{B046872A-0176-E8A9-5006-D3568F325D49}.Debug|Any CPU.ActiveCfg = Debug|Any CPU
		{B046872A-0176-E8A9-5006-D3568F325D49}.Debug|Any CPU.Build.0 = Debug|Any CPU
		{B046872A-0176-E8A9-5006-D3568F325D49}.Release|Any CPU.ActiveCfg = Release|Any CPU
		{B046872A-0176-E8A9-5006-D3568F325D49}.Release|Any CPU.Build.0 = Release|Any CPU
		{D531D306-BCF2-C551-FA66-6CB9E1024EFB}.Debug|Any CPU.ActiveCfg = Debug|Any CPU
		{D531D306-BCF2-C551-FA66-6CB9E1024EFB}.Debug|Any CPU.Build.0 = Debug|Any CPU
		{D531D306-BCF2-C551-FA66-6CB9E1024EFB}.Release|Any CPU.ActiveCfg = Release|Any CPU
		{D531D306-BCF2-C551-FA66-6CB9E1024EFB}.Release|Any CPU.Build.0 = Release|Any CPU
		{B695B4B5-5189-7B73-7474-188048ADA8EB}.Debug|Any CPU.ActiveCfg = Debug|Any CPU
		{B695B4B5-5189-7B73-7474-188048ADA8EB}.Debug|Any CPU.Build.0 = Debug|Any CPU
		{B695B4B5-5189-7B73-7474-188048ADA8EB}.Release|Any CPU.ActiveCfg = Release|Any CPU
		{B695B4B5-5189-7B73-7474-188048ADA8EB}.Release|Any CPU.Build.0 = Release|Any CPU
		{4E103B83-DC97-2A40-C5BE-0680FD31E162}.Debug|Any CPU.ActiveCfg = Debug|Any CPU
		{4E103B83-DC97-2A40-C5BE-0680FD31E162}.Debug|Any CPU.Build.0 = Debug|Any CPU
		{4E103B83-DC97-2A40-C5BE-0680FD31E162}.Release|Any CPU.ActiveCfg = Release|Any CPU
		{4E103B83-DC97-2A40-C5BE-0680FD31E162}.Release|Any CPU.Build.0 = Release|Any CPU
		{E7A985A0-F69B-9A6A-C2B3-8A1840A879E3}.Debug|Any CPU.ActiveCfg = Debug|Any CPU
		{E7A985A0-F69B-9A6A-C2B3-8A1840A879E3}.Debug|Any CPU.Build.0 = Debug|Any CPU
		{E7A985A0-F69B-9A6A-C2B3-8A1840A879E3}.Release|Any CPU.ActiveCfg = Release|Any CPU
		{E7A985A0-F69B-9A6A-C2B3-8A1840A879E3}.Release|Any CPU.Build.0 = Release|Any CPU
		{E358A7AE-CC46-AD06-38EF-D1FBAEC20A8F}.Debug|Any CPU.ActiveCfg = Debug|Any CPU
		{E358A7AE-CC46-AD06-38EF-D1FBAEC20A8F}.Debug|Any CPU.Build.0 = Debug|Any CPU
		{E358A7AE-CC46-AD06-38EF-D1FBAEC20A8F}.Release|Any CPU.ActiveCfg = Release|Any CPU
		{E358A7AE-CC46-AD06-38EF-D1FBAEC20A8F}.Release|Any CPU.Build.0 = Release|Any CPU
		{09AB53A9-116E-A93B-4071-FA36F72E0799}.Debug|Any CPU.ActiveCfg = Debug|Any CPU
		{09AB53A9-116E-A93B-4071-FA36F72E0799}.Debug|Any CPU.Build.0 = Debug|Any CPU
		{09AB53A9-116E-A93B-4071-FA36F72E0799}.Release|Any CPU.ActiveCfg = Release|Any CPU
		{09AB53A9-116E-A93B-4071-FA36F72E0799}.Release|Any CPU.Build.0 = Release|Any CPU
		{3768AE1D-E979-1EDF-DB14-D468A6C73D35}.Debug|Any CPU.ActiveCfg = Debug|Any CPU
		{3768AE1D-E979-1EDF-DB14-D468A6C73D35}.Debug|Any CPU.Build.0 = Debug|Any CPU
		{3768AE1D-E979-1EDF-DB14-D468A6C73D35}.Release|Any CPU.ActiveCfg = Release|Any CPU
		{3768AE1D-E979-1EDF-DB14-D468A6C73D35}.Release|Any CPU.Build.0 = Release|Any CPU
		{D765BFD4-99FB-55D3-E711-93AAA094D471}.Debug|Any CPU.ActiveCfg = Debug|Any CPU
		{D765BFD4-99FB-55D3-E711-93AAA094D471}.Debug|Any CPU.Build.0 = Debug|Any CPU
		{D765BFD4-99FB-55D3-E711-93AAA094D471}.Release|Any CPU.ActiveCfg = Release|Any CPU
		{D765BFD4-99FB-55D3-E711-93AAA094D471}.Release|Any CPU.Build.0 = Release|Any CPU
		{28666DA9-AACB-4FF6-EDEA-794DBC1AF16D}.Debug|Any CPU.ActiveCfg = Debug|Any CPU
		{28666DA9-AACB-4FF6-EDEA-794DBC1AF16D}.Debug|Any CPU.Build.0 = Debug|Any CPU
		{28666DA9-AACB-4FF6-EDEA-794DBC1AF16D}.Release|Any CPU.ActiveCfg = Release|Any CPU
		{28666DA9-AACB-4FF6-EDEA-794DBC1AF16D}.Release|Any CPU.Build.0 = Release|Any CPU
		{4458DAAC-FF23-3EB5-ABF5-029799355954}.Debug|Any CPU.ActiveCfg = Debug|Any CPU
		{4458DAAC-FF23-3EB5-ABF5-029799355954}.Debug|Any CPU.Build.0 = Debug|Any CPU
		{4458DAAC-FF23-3EB5-ABF5-029799355954}.Release|Any CPU.ActiveCfg = Release|Any CPU
		{4458DAAC-FF23-3EB5-ABF5-029799355954}.Release|Any CPU.Build.0 = Release|Any CPU
		{8BB9BBA8-2BF3-6EFE-09EA-9D55A3939916}.Debug|Any CPU.ActiveCfg = Debug|Any CPU
		{8BB9BBA8-2BF3-6EFE-09EA-9D55A3939916}.Debug|Any CPU.Build.0 = Debug|Any CPU
		{8BB9BBA8-2BF3-6EFE-09EA-9D55A3939916}.Release|Any CPU.ActiveCfg = Release|Any CPU
		{8BB9BBA8-2BF3-6EFE-09EA-9D55A3939916}.Release|Any CPU.Build.0 = Release|Any CPU
		{7CDA75BB-6D8A-5251-FE18-59F147E8EFC8}.Debug|Any CPU.ActiveCfg = Debug|Any CPU
		{7CDA75BB-6D8A-5251-FE18-59F147E8EFC8}.Debug|Any CPU.Build.0 = Debug|Any CPU
		{7CDA75BB-6D8A-5251-FE18-59F147E8EFC8}.Release|Any CPU.ActiveCfg = Release|Any CPU
		{7CDA75BB-6D8A-5251-FE18-59F147E8EFC8}.Release|Any CPU.Build.0 = Release|Any CPU
		{33E9AE20-91A1-5D3A-0959-60ADC4778430}.Debug|Any CPU.ActiveCfg = Debug|Any CPU
		{33E9AE20-91A1-5D3A-0959-60ADC4778430}.Debug|Any CPU.Build.0 = Debug|Any CPU
		{33E9AE20-91A1-5D3A-0959-60ADC4778430}.Release|Any CPU.ActiveCfg = Release|Any CPU
		{33E9AE20-91A1-5D3A-0959-60ADC4778430}.Release|Any CPU.Build.0 = Release|Any CPU
		{78213069-9FFE-86F1-7436-621D43ECA9D8}.Debug|Any CPU.ActiveCfg = Debug|Any CPU
		{78213069-9FFE-86F1-7436-621D43ECA9D8}.Debug|Any CPU.Build.0 = Debug|Any CPU
		{78213069-9FFE-86F1-7436-621D43ECA9D8}.Release|Any CPU.ActiveCfg = Release|Any CPU
		{78213069-9FFE-86F1-7436-621D43ECA9D8}.Release|Any CPU.Build.0 = Release|Any CPU
		{D4BFD822-5D22-B6E1-1399-DCAD32581607}.Debug|Any CPU.ActiveCfg = Debug|Any CPU
		{D4BFD822-5D22-B6E1-1399-DCAD32581607}.Debug|Any CPU.Build.0 = Debug|Any CPU
		{D4BFD822-5D22-B6E1-1399-DCAD32581607}.Release|Any CPU.ActiveCfg = Release|Any CPU
		{D4BFD822-5D22-B6E1-1399-DCAD32581607}.Release|Any CPU.Build.0 = Release|Any CPU
		{F14BB5BE-4668-B03C-442E-46AD59EACB86}.Debug|Any CPU.ActiveCfg = Debug|Any CPU
		{F14BB5BE-4668-B03C-442E-46AD59EACB86}.Debug|Any CPU.Build.0 = Debug|Any CPU
		{F14BB5BE-4668-B03C-442E-46AD59EACB86}.Release|Any CPU.ActiveCfg = Release|Any CPU
		{F14BB5BE-4668-B03C-442E-46AD59EACB86}.Release|Any CPU.Build.0 = Release|Any CPU
		{90E9FB7B-97E6-5A96-EF09-C90D45174AAD}.Debug|Any CPU.ActiveCfg = Debug|Any CPU
		{90E9FB7B-97E6-5A96-EF09-C90D45174AAD}.Debug|Any CPU.Build.0 = Debug|Any CPU
		{90E9FB7B-97E6-5A96-EF09-C90D45174AAD}.Release|Any CPU.ActiveCfg = Release|Any CPU
		{90E9FB7B-97E6-5A96-EF09-C90D45174AAD}.Release|Any CPU.Build.0 = Release|Any CPU
		{BC5D8DA0-1A5D-ADE1-A0A6-C0F86603661F}.Debug|Any CPU.ActiveCfg = Debug|Any CPU
		{BC5D8DA0-1A5D-ADE1-A0A6-C0F86603661F}.Debug|Any CPU.Build.0 = Debug|Any CPU
		{BC5D8DA0-1A5D-ADE1-A0A6-C0F86603661F}.Release|Any CPU.ActiveCfg = Release|Any CPU
		{BC5D8DA0-1A5D-ADE1-A0A6-C0F86603661F}.Release|Any CPU.Build.0 = Release|Any CPU
		{8E60AD62-C609-6B0B-3FDA-E74EA3E11722}.Debug|Any CPU.ActiveCfg = Debug|Any CPU
		{8E60AD62-C609-6B0B-3FDA-E74EA3E11722}.Debug|Any CPU.Build.0 = Debug|Any CPU
		{8E60AD62-C609-6B0B-3FDA-E74EA3E11722}.Release|Any CPU.ActiveCfg = Release|Any CPU
		{8E60AD62-C609-6B0B-3FDA-E74EA3E11722}.Release|Any CPU.Build.0 = Release|Any CPU
		{F664FF11-D38A-DC8C-AE5E-BBEDAD190D8E}.Debug|Any CPU.ActiveCfg = Debug|Any CPU
		{F664FF11-D38A-DC8C-AE5E-BBEDAD190D8E}.Debug|Any CPU.Build.0 = Debug|Any CPU
		{F664FF11-D38A-DC8C-AE5E-BBEDAD190D8E}.Release|Any CPU.ActiveCfg = Release|Any CPU
		{F664FF11-D38A-DC8C-AE5E-BBEDAD190D8E}.Release|Any CPU.Build.0 = Release|Any CPU
		{0279F527-AAA3-12DB-5454-29185340B6DA}.Debug|Any CPU.ActiveCfg = Debug|Any CPU
		{0279F527-AAA3-12DB-5454-29185340B6DA}.Debug|Any CPU.Build.0 = Debug|Any CPU
		{0279F527-AAA3-12DB-5454-29185340B6DA}.Release|Any CPU.ActiveCfg = Release|Any CPU
		{0279F527-AAA3-12DB-5454-29185340B6DA}.Release|Any CPU.Build.0 = Release|Any CPU
		{011CB59B-D3B0-6479-924D-E257813F4114}.Debug|Any CPU.ActiveCfg = Debug|Any CPU
		{011CB59B-D3B0-6479-924D-E257813F4114}.Debug|Any CPU.Build.0 = Debug|Any CPU
		{011CB59B-D3B0-6479-924D-E257813F4114}.Release|Any CPU.ActiveCfg = Release|Any CPU
		{011CB59B-D3B0-6479-924D-E257813F4114}.Release|Any CPU.Build.0 = Release|Any CPU
		{8DF306B5-3AF4-2986-0FA0-9E2DBF9A2DA5}.Debug|Any CPU.ActiveCfg = Debug|Any CPU
		{8DF306B5-3AF4-2986-0FA0-9E2DBF9A2DA5}.Debug|Any CPU.Build.0 = Debug|Any CPU
		{8DF306B5-3AF4-2986-0FA0-9E2DBF9A2DA5}.Release|Any CPU.ActiveCfg = Release|Any CPU
		{8DF306B5-3AF4-2986-0FA0-9E2DBF9A2DA5}.Release|Any CPU.Build.0 = Release|Any CPU
		{B3DBCF72-EB9E-4317-E48C-97F26E8D49D3}.Debug|Any CPU.ActiveCfg = Debug|Any CPU
		{B3DBCF72-EB9E-4317-E48C-97F26E8D49D3}.Debug|Any CPU.Build.0 = Debug|Any CPU
		{B3DBCF72-EB9E-4317-E48C-97F26E8D49D3}.Release|Any CPU.ActiveCfg = Release|Any CPU
		{B3DBCF72-EB9E-4317-E48C-97F26E8D49D3}.Release|Any CPU.Build.0 = Release|Any CPU
		{5E789ECD-2571-6899-8938-516F447DF19D}.Debug|Any CPU.ActiveCfg = Debug|Any CPU
		{5E789ECD-2571-6899-8938-516F447DF19D}.Debug|Any CPU.Build.0 = Debug|Any CPU
		{5E789ECD-2571-6899-8938-516F447DF19D}.Release|Any CPU.ActiveCfg = Release|Any CPU
		{5E789ECD-2571-6899-8938-516F447DF19D}.Release|Any CPU.Build.0 = Release|Any CPU
		{CD2213C8-ED86-4EB4-0266-3323F30F7395}.Debug|Any CPU.ActiveCfg = Debug|Any CPU
		{CD2213C8-ED86-4EB4-0266-3323F30F7395}.Debug|Any CPU.Build.0 = Debug|Any CPU
		{CD2213C8-ED86-4EB4-0266-3323F30F7395}.Release|Any CPU.ActiveCfg = Release|Any CPU
		{CD2213C8-ED86-4EB4-0266-3323F30F7395}.Release|Any CPU.Build.0 = Release|Any CPU
		{D0ADCC90-CCDC-3F69-5747-0690C8616744}.Debug|Any CPU.ActiveCfg = Debug|Any CPU
		{D0ADCC90-CCDC-3F69-5747-0690C8616744}.Debug|Any CPU.Build.0 = Debug|Any CPU
		{D0ADCC90-CCDC-3F69-5747-0690C8616744}.Release|Any CPU.ActiveCfg = Release|Any CPU
		{D0ADCC90-CCDC-3F69-5747-0690C8616744}.Release|Any CPU.Build.0 = Release|Any CPU
		{9C470F50-9868-718A-52BC-084FE0A24FC3}.Debug|Any CPU.ActiveCfg = Debug|Any CPU
		{9C470F50-9868-718A-52BC-084FE0A24FC3}.Debug|Any CPU.Build.0 = Debug|Any CPU
		{9C470F50-9868-718A-52BC-084FE0A24FC3}.Release|Any CPU.ActiveCfg = Release|Any CPU
		{9C470F50-9868-718A-52BC-084FE0A24FC3}.Release|Any CPU.Build.0 = Release|Any CPU
		{8997171B-3BB3-366E-6170-032B48A70995}.Debug|Any CPU.ActiveCfg = Debug|Any CPU
		{8997171B-3BB3-366E-6170-032B48A70995}.Debug|Any CPU.Build.0 = Debug|Any CPU
		{8997171B-3BB3-366E-6170-032B48A70995}.Release|Any CPU.ActiveCfg = Release|Any CPU
		{8997171B-3BB3-366E-6170-032B48A70995}.Release|Any CPU.Build.0 = Release|Any CPU
		{93A2DF3D-C169-5F62-F15D-CB6B826D634E}.Debug|Any CPU.ActiveCfg = Debug|Any CPU
		{93A2DF3D-C169-5F62-F15D-CB6B826D634E}.Debug|Any CPU.Build.0 = Debug|Any CPU
		{93A2DF3D-C169-5F62-F15D-CB6B826D634E}.Release|Any CPU.ActiveCfg = Release|Any CPU
		{93A2DF3D-C169-5F62-F15D-CB6B826D634E}.Release|Any CPU.Build.0 = Release|Any CPU
		{C6978B28-922A-4C6E-D2EA-EA466B200969}.Debug|Any CPU.ActiveCfg = Debug|Any CPU
		{C6978B28-922A-4C6E-D2EA-EA466B200969}.Debug|Any CPU.Build.0 = Debug|Any CPU
		{C6978B28-922A-4C6E-D2EA-EA466B200969}.Release|Any CPU.ActiveCfg = Release|Any CPU
		{C6978B28-922A-4C6E-D2EA-EA466B200969}.Release|Any CPU.Build.0 = Release|Any CPU
		{2323AE53-CE7A-A808-31D3-1D6FF0398214}.Debug|Any CPU.ActiveCfg = Debug|Any CPU
		{2323AE53-CE7A-A808-31D3-1D6FF0398214}.Debug|Any CPU.Build.0 = Debug|Any CPU
		{2323AE53-CE7A-A808-31D3-1D6FF0398214}.Release|Any CPU.ActiveCfg = Release|Any CPU
		{2323AE53-CE7A-A808-31D3-1D6FF0398214}.Release|Any CPU.Build.0 = Release|Any CPU
		{A924412B-32BE-9958-FC70-D986ADFF47F1}.Debug|Any CPU.ActiveCfg = Debug|Any CPU
		{A924412B-32BE-9958-FC70-D986ADFF47F1}.Debug|Any CPU.Build.0 = Debug|Any CPU
		{A924412B-32BE-9958-FC70-D986ADFF47F1}.Release|Any CPU.ActiveCfg = Release|Any CPU
		{A924412B-32BE-9958-FC70-D986ADFF47F1}.Release|Any CPU.Build.0 = Release|Any CPU
		{B7B9A58D-8C1F-5B94-D944-90A215ED9171}.Debug|Any CPU.ActiveCfg = Debug|Any CPU
		{B7B9A58D-8C1F-5B94-D944-90A215ED9171}.Debug|Any CPU.Build.0 = Debug|Any CPU
		{B7B9A58D-8C1F-5B94-D944-90A215ED9171}.Release|Any CPU.ActiveCfg = Release|Any CPU
		{B7B9A58D-8C1F-5B94-D944-90A215ED9171}.Release|Any CPU.Build.0 = Release|Any CPU
		{BBFDAF84-AC42-C755-055D-B96EEAD62D21}.Debug|Any CPU.ActiveCfg = Debug|Any CPU
		{BBFDAF84-AC42-C755-055D-B96EEAD62D21}.Debug|Any CPU.Build.0 = Debug|Any CPU
		{BBFDAF84-AC42-C755-055D-B96EEAD62D21}.Release|Any CPU.ActiveCfg = Release|Any CPU
		{BBFDAF84-AC42-C755-055D-B96EEAD62D21}.Release|Any CPU.Build.0 = Release|Any CPU
		{5181762D-55AE-CEBA-F1F5-B1C83E66E9CD}.Debug|Any CPU.ActiveCfg = Debug|Any CPU
		{5181762D-55AE-CEBA-F1F5-B1C83E66E9CD}.Debug|Any CPU.Build.0 = Debug|Any CPU
		{5181762D-55AE-CEBA-F1F5-B1C83E66E9CD}.Release|Any CPU.ActiveCfg = Release|Any CPU
		{5181762D-55AE-CEBA-F1F5-B1C83E66E9CD}.Release|Any CPU.Build.0 = Release|Any CPU
		{4E01643C-A290-0B46-89B0-A2A7A97448AF}.Debug|Any CPU.ActiveCfg = Debug|Any CPU
		{4E01643C-A290-0B46-89B0-A2A7A97448AF}.Debug|Any CPU.Build.0 = Debug|Any CPU
		{4E01643C-A290-0B46-89B0-A2A7A97448AF}.Release|Any CPU.ActiveCfg = Release|Any CPU
		{4E01643C-A290-0B46-89B0-A2A7A97448AF}.Release|Any CPU.Build.0 = Release|Any CPU
		{B2A431CA-815C-F5FB-ADAB-FB70AD32C339}.Debug|Any CPU.ActiveCfg = Debug|Any CPU
		{B2A431CA-815C-F5FB-ADAB-FB70AD32C339}.Debug|Any CPU.Build.0 = Debug|Any CPU
		{B2A431CA-815C-F5FB-ADAB-FB70AD32C339}.Release|Any CPU.ActiveCfg = Release|Any CPU
		{B2A431CA-815C-F5FB-ADAB-FB70AD32C339}.Release|Any CPU.Build.0 = Release|Any CPU
		{A1AE45F0-A644-712A-BF86-4C95C111CDEE}.Debug|Any CPU.ActiveCfg = Debug|Any CPU
		{A1AE45F0-A644-712A-BF86-4C95C111CDEE}.Debug|Any CPU.Build.0 = Debug|Any CPU
		{A1AE45F0-A644-712A-BF86-4C95C111CDEE}.Release|Any CPU.ActiveCfg = Release|Any CPU
		{A1AE45F0-A644-712A-BF86-4C95C111CDEE}.Release|Any CPU.Build.0 = Release|Any CPU
		{E64C57CC-F047-DFE0-99DD-40E0D0F68E9D}.Debug|Any CPU.ActiveCfg = Debug|Any CPU
		{E64C57CC-F047-DFE0-99DD-40E0D0F68E9D}.Debug|Any CPU.Build.0 = Debug|Any CPU
		{E64C57CC-F047-DFE0-99DD-40E0D0F68E9D}.Release|Any CPU.ActiveCfg = Release|Any CPU
		{E64C57CC-F047-DFE0-99DD-40E0D0F68E9D}.Release|Any CPU.Build.0 = Release|Any CPU
		{F66BE8F8-1FAE-A862-01CA-55234D22379B}.Debug|Any CPU.ActiveCfg = Debug|Any CPU
		{F66BE8F8-1FAE-A862-01CA-55234D22379B}.Debug|Any CPU.Build.0 = Debug|Any CPU
		{F66BE8F8-1FAE-A862-01CA-55234D22379B}.Release|Any CPU.ActiveCfg = Release|Any CPU
		{F66BE8F8-1FAE-A862-01CA-55234D22379B}.Release|Any CPU.Build.0 = Release|Any CPU
		{76D354AE-F729-4163-6EFA-92E8DD58F7B8}.Debug|Any CPU.ActiveCfg = Debug|Any CPU
		{76D354AE-F729-4163-6EFA-92E8DD58F7B8}.Debug|Any CPU.Build.0 = Debug|Any CPU
		{76D354AE-F729-4163-6EFA-92E8DD58F7B8}.Release|Any CPU.ActiveCfg = Release|Any CPU
		{76D354AE-F729-4163-6EFA-92E8DD58F7B8}.Release|Any CPU.Build.0 = Release|Any CPU
	EndGlobalSection
	GlobalSection(SolutionProperties) = preSolution
		HideSolutionNode = FALSE
	EndGlobalSection
EndGlobal
